// !$*UTF8*$!
{
	archiveVersion = 1;
	classes = {
	};
	objectVersion = 56;
	objects = {

/* Begin PBXBuildFile section */
		15B6869129AE084A007B64FE /* AppDelegate.swift in Sources */ = {isa = PBXBuildFile; fileRef = 15B6869029AE084A007B64FE /* AppDelegate.swift */; };
		15B6869329AE084A007B64FE /* SceneDelegate.swift in Sources */ = {isa = PBXBuildFile; fileRef = 15B6869229AE084A007B64FE /* SceneDelegate.swift */; };
		15B6869529AE084A007B64FE /* ViewController.swift in Sources */ = {isa = PBXBuildFile; fileRef = 15B6869429AE084A007B64FE /* ViewController.swift */; };
		15B6869829AE084A007B64FE /* Main.storyboard in Resources */ = {isa = PBXBuildFile; fileRef = 15B6869629AE084A007B64FE /* Main.storyboard */; };
		15B6869A29AE084B007B64FE /* Assets.xcassets in Resources */ = {isa = PBXBuildFile; fileRef = 15B6869929AE084B007B64FE /* Assets.xcassets */; };
		15B6869D29AE084B007B64FE /* LaunchScreen.storyboard in Resources */ = {isa = PBXBuildFile; fileRef = 15B6869B29AE084B007B64FE /* LaunchScreen.storyboard */; };
		15B686A529AE133A007B64FE /* ListItem.swift in Sources */ = {isa = PBXBuildFile; fileRef = 15B686A429AE133A007B64FE /* ListItem.swift */; };
		15B686A729AE13FC007B64FE /* MockData.swift in Sources */ = {isa = PBXBuildFile; fileRef = 15B686A629AE13FC007B64FE /* MockData.swift */; };
		15B686A929AE1859007B64FE /* ListSection.swift in Sources */ = {isa = PBXBuildFile; fileRef = 15B686A829AE1859007B64FE /* ListSection.swift */; };
		15B686AB29AE1B21007B64FE /* StoryCollectionViewCell.swift in Sources */ = {isa = PBXBuildFile; fileRef = 15B686AA29AE1B21007B64FE /* StoryCollectionViewCell.swift */; };
		15B686AD29AE1B6E007B64FE /* PortraitCollectionViewCell.swift in Sources */ = {isa = PBXBuildFile; fileRef = 15B686AC29AE1B6E007B64FE /* PortraitCollectionViewCell.swift */; };
		15B686AF29AE1BAC007B64FE /* LandscapeCollectionViewCell.swift in Sources */ = {isa = PBXBuildFile; fileRef = 15B686AE29AE1BAC007B64FE /* LandscapeCollectionViewCell.swift */; };
		15B686B129AE1C05007B64FE /* CollectionViewHeaderReusableView.swift in Sources */ = {isa = PBXBuildFile; fileRef = 15B686B029AE1C05007B64FE /* CollectionViewHeaderReusableView.swift */; };
/* End PBXBuildFile section */

/* Begin PBXFileReference section */
		15B6868D29AE084A007B64FE /* multipleSelectionCollectionCell.app */ = {isa = PBXFileReference; explicitFileType = wrapper.application; includeInIndex = 0; path = multipleSelectionCollectionCell.app; sourceTree = BUILT_PRODUCTS_DIR; };
		15B6869029AE084A007B64FE /* AppDelegate.swift */ = {isa = PBXFileReference; lastKnownFileType = sourcecode.swift; path = AppDelegate.swift; sourceTree = "<group>"; };
		15B6869229AE084A007B64FE /* SceneDelegate.swift */ = {isa = PBXFileReference; lastKnownFileType = sourcecode.swift; path = SceneDelegate.swift; sourceTree = "<group>"; };
		15B6869429AE084A007B64FE /* ViewController.swift */ = {isa = PBXFileReference; lastKnownFileType = sourcecode.swift; path = ViewController.swift; sourceTree = "<group>"; };
		15B6869729AE084A007B64FE /* Base */ = {isa = PBXFileReference; lastKnownFileType = file.storyboard; name = Base; path = Base.lproj/Main.storyboard; sourceTree = "<group>"; };
		15B6869929AE084B007B64FE /* Assets.xcassets */ = {isa = PBXFileReference; lastKnownFileType = folder.assetcatalog; path = Assets.xcassets; sourceTree = "<group>"; };
		15B6869C29AE084B007B64FE /* Base */ = {isa = PBXFileReference; lastKnownFileType = file.storyboard; name = Base; path = Base.lproj/LaunchScreen.storyboard; sourceTree = "<group>"; };
		15B6869E29AE084B007B64FE /* Info.plist */ = {isa = PBXFileReference; lastKnownFileType = text.plist.xml; path = Info.plist; sourceTree = "<group>"; };
		15B686A429AE133A007B64FE /* ListItem.swift */ = {isa = PBXFileReference; lastKnownFileType = sourcecode.swift; path = ListItem.swift; sourceTree = "<group>"; };
		15B686A629AE13FC007B64FE /* MockData.swift */ = {isa = PBXFileReference; lastKnownFileType = sourcecode.swift; path = MockData.swift; sourceTree = "<group>"; };
		15B686A829AE1859007B64FE /* ListSection.swift */ = {isa = PBXFileReference; lastKnownFileType = sourcecode.swift; path = ListSection.swift; sourceTree = "<group>"; };
		15B686AA29AE1B21007B64FE /* StoryCollectionViewCell.swift */ = {isa = PBXFileReference; lastKnownFileType = sourcecode.swift; path = StoryCollectionViewCell.swift; sourceTree = "<group>"; };
		15B686AC29AE1B6E007B64FE /* PortraitCollectionViewCell.swift */ = {isa = PBXFileReference; lastKnownFileType = sourcecode.swift; path = PortraitCollectionViewCell.swift; sourceTree = "<group>"; };
		15B686AE29AE1BAC007B64FE /* LandscapeCollectionViewCell.swift */ = {isa = PBXFileReference; lastKnownFileType = sourcecode.swift; path = LandscapeCollectionViewCell.swift; sourceTree = "<group>"; };
		15B686B029AE1C05007B64FE /* CollectionViewHeaderReusableView.swift */ = {isa = PBXFileReference; lastKnownFileType = sourcecode.swift; path = CollectionViewHeaderReusableView.swift; sourceTree = "<group>"; };
/* End PBXFileReference section */

/* Begin PBXFrameworksBuildPhase section */
		15B6868A29AE084A007B64FE /* Frameworks */ = {
			isa = PBXFrameworksBuildPhase;
			buildActionMask = 2147483647;
			files = (
			);
			runOnlyForDeploymentPostprocessing = 0;
		};
/* End PBXFrameworksBuildPhase section */

/* Begin PBXGroup section */
		15B6868429AE084A007B64FE = {
			isa = PBXGroup;
			children = (
				15B6868F29AE084A007B64FE /* multipleSelectionCollectionCell */,
				15B6868E29AE084A007B64FE /* Products */,
			);
			sourceTree = "<group>";
		};
		15B6868E29AE084A007B64FE /* Products */ = {
			isa = PBXGroup;
			children = (
				15B6868D29AE084A007B64FE /* multipleSelectionCollectionCell.app */,
			);
			name = Products;
			sourceTree = "<group>";
		};
		15B6868F29AE084A007B64FE /* multipleSelectionCollectionCell */ = {
			isa = PBXGroup;
			children = (
				15B6869029AE084A007B64FE /* AppDelegate.swift */,
				15B6869229AE084A007B64FE /* SceneDelegate.swift */,
				15B6869629AE084A007B64FE /* Main.storyboard */,
				15B6869429AE084A007B64FE /* ViewController.swift */,
				15B686AA29AE1B21007B64FE /* StoryCollectionViewCell.swift */,
				15B686AC29AE1B6E007B64FE /* PortraitCollectionViewCell.swift */,
				15B686AE29AE1BAC007B64FE /* LandscapeCollectionViewCell.swift */,
				15B686B029AE1C05007B64FE /* CollectionViewHeaderReusableView.swift */,
				15B6869929AE084B007B64FE /* Assets.xcassets */,
				15B6869B29AE084B007B64FE /* LaunchScreen.storyboard */,
				15B6869E29AE084B007B64FE /* Info.plist */,
				15B686A429AE133A007B64FE /* ListItem.swift */,
				15B686A829AE1859007B64FE /* ListSection.swift */,
				15B686A629AE13FC007B64FE /* MockData.swift */,
			);
			path = multipleSelectionCollectionCell;
			sourceTree = "<group>";
		};
/* End PBXGroup section */

/* Begin PBXNativeTarget section */
		15B6868C29AE084A007B64FE /* multipleSelectionCollectionCell */ = {
			isa = PBXNativeTarget;
			buildConfigurationList = 15B686A129AE084B007B64FE /* Build configuration list for PBXNativeTarget "multipleSelectionCollectionCell" */;
			buildPhases = (
				15B6868929AE084A007B64FE /* Sources */,
				15B6868A29AE084A007B64FE /* Frameworks */,
				15B6868B29AE084A007B64FE /* Resources */,
			);
			buildRules = (
			);
			dependencies = (
			);
			name = multipleSelectionCollectionCell;
			productName = multipleSelectionCollectionCell;
			productReference = 15B6868D29AE084A007B64FE /* multipleSelectionCollectionCell.app */;
			productType = "com.apple.product-type.application";
		};
/* End PBXNativeTarget section */

/* Begin PBXProject section */
		15B6868529AE084A007B64FE /* Project object */ = {
			isa = PBXProject;
			attributes = {
				BuildIndependentTargetsInParallel = 1;
				LastSwiftUpdateCheck = 1410;
				LastUpgradeCheck = 1410;
				TargetAttributes = {
					15B6868C29AE084A007B64FE = {
						CreatedOnToolsVersion = 14.1;
					};
				};
			};
			buildConfigurationList = 15B6868829AE084A007B64FE /* Build configuration list for PBXProject "multipleSelectionCollectionCell" */;
			compatibilityVersion = "Xcode 14.0";
			developmentRegion = en;
			hasScannedForEncodings = 0;
			knownRegions = (
				en,
				Base,
			);
			mainGroup = 15B6868429AE084A007B64FE;
			productRefGroup = 15B6868E29AE084A007B64FE /* Products */;
			projectDirPath = "";
			projectRoot = "";
			targets = (
				15B6868C29AE084A007B64FE /* multipleSelectionCollectionCell */,
			);
		};
/* End PBXProject section */

/* Begin PBXResourcesBuildPhase section */
		15B6868B29AE084A007B64FE /* Resources */ = {
			isa = PBXResourcesBuildPhase;
			buildActionMask = 2147483647;
			files = (
				15B6869D29AE084B007B64FE /* LaunchScreen.storyboard in Resources */,
				15B6869A29AE084B007B64FE /* Assets.xcassets in Resources */,
				15B6869829AE084A007B64FE /* Main.storyboard in Resources */,
			);
			runOnlyForDeploymentPostprocessing = 0;
		};
/* End PBXResourcesBuildPhase section */

/* Begin PBXSourcesBuildPhase section */
		15B6868929AE084A007B64FE /* Sources */ = {
			isa = PBXSourcesBuildPhase;
			buildActionMask = 2147483647;
			files = (
				15B686A529AE133A007B64FE /* ListItem.swift in Sources */,
				15B6869529AE084A007B64FE /* ViewController.swift in Sources */,
				15B686AF29AE1BAC007B64FE /* LandscapeCollectionViewCell.swift in Sources */,
				15B6869129AE084A007B64FE /* AppDelegate.swift in Sources */,
				15B6869329AE084A007B64FE /* SceneDelegate.swift in Sources */,
				15B686B129AE1C05007B64FE /* CollectionViewHeaderReusableView.swift in Sources */,
				15B686A729AE13FC007B64FE /* MockData.swift in Sources */,
				15B686AB29AE1B21007B64FE /* StoryCollectionViewCell.swift in Sources */,
				15B686AD29AE1B6E007B64FE /* PortraitCollectionViewCell.swift in Sources */,
				15B686A929AE1859007B64FE /* ListSection.swift in Sources */,
			);
			runOnlyForDeploymentPostprocessing = 0;
		};
/* End PBXSourcesBuildPhase section */

/* Begin PBXVariantGroup section */
		15B6869629AE084A007B64FE /* Main.storyboard */ = {
			isa = PBXVariantGroup;
			children = (
				15B6869729AE084A007B64FE /* Base */,
			);
			name = Main.storyboard;
			sourceTree = "<group>";
		};
		15B6869B29AE084B007B64FE /* LaunchScreen.storyboard */ = {
			isa = PBXVariantGroup;
			children = (
				15B6869C29AE084B007B64FE /* Base */,
			);
			name = LaunchScreen.storyboard;
			sourceTree = "<group>";
		};
/* End PBXVariantGroup section */

/* Begin XCBuildConfiguration section */
		15B6869F29AE084B007B64FE /* Debug */ = {
			isa = XCBuildConfiguration;
			buildSettings = {
				ALWAYS_SEARCH_USER_PATHS = NO;
				CLANG_ANALYZER_NONNULL = YES;
				CLANG_ANALYZER_NUMBER_OBJECT_CONVERSION = YES_AGGRESSIVE;
				CLANG_CXX_LANGUAGE_STANDARD = "gnu++20";
				CLANG_ENABLE_MODULES = YES;
				CLANG_ENABLE_OBJC_ARC = YES;
				CLANG_ENABLE_OBJC_WEAK = YES;
				CLANG_WARN_BLOCK_CAPTURE_AUTORELEASING = YES;
				CLANG_WARN_BOOL_CONVERSION = YES;
				CLANG_WARN_COMMA = YES;
				CLANG_WARN_CONSTANT_CONVERSION = YES;
				CLANG_WARN_DEPRECATED_OBJC_IMPLEMENTATIONS = YES;
				CLANG_WARN_DIRECT_OBJC_ISA_USAGE = YES_ERROR;
				CLANG_WARN_DOCUMENTATION_COMMENTS = YES;
				CLANG_WARN_EMPTY_BODY = YES;
				CLANG_WARN_ENUM_CONVERSION = YES;
				CLANG_WARN_INFINITE_RECURSION = YES;
				CLANG_WARN_INT_CONVERSION = YES;
				CLANG_WARN_NON_LITERAL_NULL_CONVERSION = YES;
				CLANG_WARN_OBJC_IMPLICIT_RETAIN_SELF = YES;
				CLANG_WARN_OBJC_LITERAL_CONVERSION = YES;
				CLANG_WARN_OBJC_ROOT_CLASS = YES_ERROR;
				CLANG_WARN_QUOTED_INCLUDE_IN_FRAMEWORK_HEADER = YES;
				CLANG_WARN_RANGE_LOOP_ANALYSIS = YES;
				CLANG_WARN_STRICT_PROTOTYPES = YES;
				CLANG_WARN_SUSPICIOUS_MOVE = YES;
				CLANG_WARN_UNGUARDED_AVAILABILITY = YES_AGGRESSIVE;
				CLANG_WARN_UNREACHABLE_CODE = YES;
				CLANG_WARN__DUPLICATE_METHOD_MATCH = YES;
				COPY_PHASE_STRIP = NO;
				DEBUG_INFORMATION_FORMAT = dwarf;
				ENABLE_STRICT_OBJC_MSGSEND = YES;
				ENABLE_TESTABILITY = YES;
				GCC_C_LANGUAGE_STANDARD = gnu11;
				GCC_DYNAMIC_NO_PIC = NO;
				GCC_NO_COMMON_BLOCKS = YES;
				GCC_OPTIMIZATION_LEVEL = 0;
				GCC_PREPROCESSOR_DEFINITIONS = (
					"DEBUG=1",
					"$(inherited)",
				);
				GCC_WARN_64_TO_32_BIT_CONVERSION = YES;
				GCC_WARN_ABOUT_RETURN_TYPE = YES_ERROR;
				GCC_WARN_UNDECLARED_SELECTOR = YES;
				GCC_WARN_UNINITIALIZED_AUTOS = YES_AGGRESSIVE;
				GCC_WARN_UNUSED_FUNCTION = YES;
				GCC_WARN_UNUSED_VARIABLE = YES;
				IPHONEOS_DEPLOYMENT_TARGET = 16.1;
				MTL_ENABLE_DEBUG_INFO = INCLUDE_SOURCE;
				MTL_FAST_MATH = YES;
				ONLY_ACTIVE_ARCH = YES;
				SDKROOT = iphoneos;
				SWIFT_ACTIVE_COMPILATION_CONDITIONS = DEBUG;
				SWIFT_OPTIMIZATION_LEVEL = "-Onone";
			};
			name = Debug;
		};
		15B686A029AE084B007B64FE /* Release */ = {
			isa = XCBuildConfiguration;
			buildSettings = {
				ALWAYS_SEARCH_USER_PATHS = NO;
				CLANG_ANALYZER_NONNULL = YES;
				CLANG_ANALYZER_NUMBER_OBJECT_CONVERSION = YES_AGGRESSIVE;
				CLANG_CXX_LANGUAGE_STANDARD = "gnu++20";
				CLANG_ENABLE_MODULES = YES;
				CLANG_ENABLE_OBJC_ARC = YES;
				CLANG_ENABLE_OBJC_WEAK = YES;
				CLANG_WARN_BLOCK_CAPTURE_AUTORELEASING = YES;
				CLANG_WARN_BOOL_CONVERSION = YES;
				CLANG_WARN_COMMA = YES;
				CLANG_WARN_CONSTANT_CONVERSION = YES;
				CLANG_WARN_DEPRECATED_OBJC_IMPLEMENTATIONS = YES;
				CLANG_WARN_DIRECT_OBJC_ISA_USAGE = YES_ERROR;
				CLANG_WARN_DOCUMENTATION_COMMENTS = YES;
				CLANG_WARN_EMPTY_BODY = YES;
				CLANG_WARN_ENUM_CONVERSION = YES;
				CLANG_WARN_INFINITE_RECURSION = YES;
				CLANG_WARN_INT_CONVERSION = YES;
				CLANG_WARN_NON_LITERAL_NULL_CONVERSION = YES;
				CLANG_WARN_OBJC_IMPLICIT_RETAIN_SELF = YES;
				CLANG_WARN_OBJC_LITERAL_CONVERSION = YES;
				CLANG_WARN_OBJC_ROOT_CLASS = YES_ERROR;
				CLANG_WARN_QUOTED_INCLUDE_IN_FRAMEWORK_HEADER = YES;
				CLANG_WARN_RANGE_LOOP_ANALYSIS = YES;
				CLANG_WARN_STRICT_PROTOTYPES = YES;
				CLANG_WARN_SUSPICIOUS_MOVE = YES;
				CLANG_WARN_UNGUARDED_AVAILABILITY = YES_AGGRESSIVE;
				CLANG_WARN_UNREACHABLE_CODE = YES;
				CLANG_WARN__DUPLICATE_METHOD_MATCH = YES;
				COPY_PHASE_STRIP = NO;
				DEBUG_INFORMATION_FORMAT = "dwarf-with-dsym";
				ENABLE_NS_ASSERTIONS = NO;
				ENABLE_STRICT_OBJC_MSGSEND = YES;
				GCC_C_LANGUAGE_STANDARD = gnu11;
				GCC_NO_COMMON_BLOCKS = YES;
				GCC_WARN_64_TO_32_BIT_CONVERSION = YES;
				GCC_WARN_ABOUT_RETURN_TYPE = YES_ERROR;
				GCC_WARN_UNDECLARED_SELECTOR = YES;
				GCC_WARN_UNINITIALIZED_AUTOS = YES_AGGRESSIVE;
				GCC_WARN_UNUSED_FUNCTION = YES;
				GCC_WARN_UNUSED_VARIABLE = YES;
				IPHONEOS_DEPLOYMENT_TARGET = 16.1;
				MTL_ENABLE_DEBUG_INFO = NO;
				MTL_FAST_MATH = YES;
				SDKROOT = iphoneos;
				SWIFT_COMPILATION_MODE = wholemodule;
				SWIFT_OPTIMIZATION_LEVEL = "-O";
				VALIDATE_PRODUCT = YES;
			};
			name = Release;
		};
		15B686A229AE084B007B64FE /* Debug */ = {
			isa = XCBuildConfiguration;
			buildSettings = {
				ASSETCATALOG_COMPILER_APPICON_NAME = AppIcon;
				ASSETCATALOG_COMPILER_GLOBAL_ACCENT_COLOR_NAME = AccentColor;
				CODE_SIGN_STYLE = Automatic;
				CURRENT_PROJECT_VERSION = 1;
				DEVELOPMENT_TEAM = 37D4SXVKKL;
				GENERATE_INFOPLIST_FILE = YES;
				INFOPLIST_FILE = multipleSelectionCollectionCell/Info.plist;
				INFOPLIST_KEY_UIApplicationSupportsIndirectInputEvents = YES;
				INFOPLIST_KEY_UILaunchStoryboardName = LaunchScreen;
				INFOPLIST_KEY_UIMainStoryboardFile = Main;
				INFOPLIST_KEY_UISupportedInterfaceOrientations_iPad = "UIInterfaceOrientationPortrait UIInterfaceOrientationPortraitUpsideDown UIInterfaceOrientationLandscapeLeft UIInterfaceOrientationLandscapeRight";
				INFOPLIST_KEY_UISupportedInterfaceOrientations_iPhone = "UIInterfaceOrientationPortrait UIInterfaceOrientationLandscapeLeft UIInterfaceOrientationLandscapeRight";
				IPHONEOS_DEPLOYMENT_TARGET = 15.0;
				LD_RUNPATH_SEARCH_PATHS = (
					"$(inherited)",
					"@executable_path/Frameworks",
				);
				MARKETING_VERSION = 1.0;
				PRODUCT_BUNDLE_IDENTIFIER = "PEPUL-TECH-PRIVATE-LIMITED.multipleSelectionCollectionCell";
				PRODUCT_NAME = "$(TARGET_NAME)";
				SWIFT_EMIT_LOC_STRINGS = YES;
				SWIFT_VERSION = 5.0;
				TARGETED_DEVICE_FAMILY = "1,2";
			};
			name = Debug;
		};
		15B686A329AE084B007B64FE /* Release */ = {
			isa = XCBuildConfiguration;
			buildSettings = {
				ASSETCATALOG_COMPILER_APPICON_NAME = AppIcon;
				ASSETCATALOG_COMPILER_GLOBAL_ACCENT_COLOR_NAME = AccentColor;
				CODE_SIGN_STYLE = Automatic;
				CURRENT_PROJECT_VERSION = 1;
				DEVELOPMENT_TEAM = 37D4SXVKKL;
				GENERATE_INFOPLIST_FILE = YES;
				INFOPLIST_FILE = multipleSelectionCollectionCell/Info.plist;
				INFOPLIST_KEY_UIApplicationSupportsIndirectInputEvents = YES;
				INFOPLIST_KEY_UILaunchStoryboardName = LaunchScreen;
				INFOPLIST_KEY_UIMainStoryboardFile = Main;
				INFOPLIST_KEY_UISupportedInterfaceOrientations_iPad = "UIInterfaceOrientationPortrait UIInterfaceOrientationPortraitUpsideDown UIInterfaceOrientationLandscapeLeft UIInterfaceOrientationLandscapeRight";
				INFOPLIST_KEY_UISupportedInterfaceOrientations_iPhone = "UIInterfaceOrientationPortrait UIInterfaceOrientationLandscapeLeft UIInterfaceOrientationLandscapeRight";
				IPHONEOS_DEPLOYMENT_TARGET = 15.0;
				LD_RUNPATH_SEARCH_PATHS = (
					"$(inherited)",
					"@executable_path/Frameworks",
				);
				MARKETING_VERSION = 1.0;
				PRODUCT_BUNDLE_IDENTIFIER = "PEPUL-TECH-PRIVATE-LIMITED.multipleSelectionCollectionCell";
				PRODUCT_NAME = "$(TARGET_NAME)";
				SWIFT_EMIT_LOC_STRINGS = YES;
				SWIFT_VERSION = 5.0;
				TARGETED_DEVICE_FAMILY = "1,2";
			};
			name = Release;
		};
/* End XCBuildConfiguration section */

/* Begin XCConfigurationList section */
		15B6868829AE084A007B64FE /* Build configuration list for PBXProject "multipleSelectionCollectionCell" */ = {
			isa = XCConfigurationList;
			buildConfigurations = (
				15B6869F29AE084B007B64FE /* Debug */,
				15B686A029AE084B007B64FE /* Release */,
			);
			defaultConfigurationIsVisible = 0;
			defaultConfigurationName = Release;
		};
		15B686A129AE084B007B64FE /* Build configuration list for PBXNativeTarget "multipleSelectionCollectionCell" */ = {
			isa = XCConfigurationList;
			buildConfigurations = (
				15B686A229AE084B007B64FE /* Debug */,
				15B686A329AE084B007B64FE /* Release */,
			);
			defaultConfigurationIsVisible = 0;
			defaultConfigurationName = Release;
		};
/* End XCConfigurationList section */
	};
	rootObject = 15B6868529AE084A007B64FE /* Project object */;
}
